
Microsoft Visual Studio Solution File, Format Version 12.00
# Visual Studio 14
VisualStudioVersion = 14.0.25420.1
MinimumVisualStudioVersion = 10.0.40219.1
Project("{FAE04EC0-301F-11D3-BF4B-00C04F79EFBC}") = "Model_9H", "Model_9H\Model_9H.csproj", "{4E21AA5D-633A-430D-8549-6CA12DF59985}"
EndProject
Project("{FAE04EC0-301F-11D3-BF4B-00C04F79EFBC}") = "DAL_9H", "DAL_9H\DAL_9H.csproj", "{1FE37BEC-3957-4DFD-9894-5AA11F82835D}"
EndProject
Project("{FAE04EC0-301F-11D3-BF4B-00C04F79EFBC}") = "IDAL_9H", "IDAL_9H\IDAL_9H.csproj", "{87446668-60FB-4BAE-964F-DFFAD9B3F0F5}"
EndProject
Project("{FAE04EC0-301F-11D3-BF4B-00C04F79EFBC}") = "BLL_9H", "BLL_9H\BLL_9H.csproj", "{FAD2D524-20B2-4779-AD84-29C864F4187C}"
EndProject
Project("{FAE04EC0-301F-11D3-BF4B-00C04F79EFBC}") = "IBLL_9H", "IBLL_9H\IBLL_9H.csproj", "{45F23EAD-17FC-45A1-97AC-61C54D89AFF4}"
EndProject
Project("{FAE04EC0-301F-11D3-BF4B-00C04F79EFBC}") = "Helper_9H", "Helper_9H\Helper_9H.csproj", "{645A5D32-32C7-4E7A-9999-C97889AFA612}"
EndProject
Project("{FAE04EC0-301F-11D3-BF4B-00C04F79EFBC}") = "Web_9H", "Web_9H\Web_9H.csproj", "{C93D1DFD-6897-4EAC-898E-7B3F5FB53070}"
EndProject
Project("{2150E333-8FDC-42A3-9474-1A3956D46DE8}") = "WCF", "WCF", "{24FD77C5-26F9-4007-B0AC-1B65D089C653}"
EndProject
Project("{FAE04EC0-301F-11D3-BF4B-00C04F79EFBC}") = "SignatureTest", "SignatureTest\SignatureTest.csproj", "{EDAC0B9B-779B-4BFB-BD7A-310FA723D67F}"
EndProject
Project("{FAE04EC0-301F-11D3-BF4B-00C04F79EFBC}") = "EncryptTest", "EncryptTest\EncryptTest.csproj", "{DB0CE66F-8FE1-4A65-9208-8E9ADADC5498}"
EndProject
Project("{FAE04EC0-301F-11D3-BF4B-00C04F79EFBC}") = "ModelSerializeTest", "ModelSerializeTest\ModelSerializeTest.csproj", "{42E91E73-F4BC-4AF0-887D-31107D982AB3}"
EndProject
Project("{FAE04EC0-301F-11D3-BF4B-00C04F79EFBC}") = "PatternTest", "PatternTest\PatternTest.csproj", "{247E357D-5DE8-46CF-95C9-00A9009C7FAB}"
EndProject
Project("{FAE04EC0-301F-11D3-BF4B-00C04F79EFBC}") = "DeserializeModelTest", "DeserializeModelTest\DeserializeModelTest.csproj", "{FA427D34-A283-475D-9CEB-9AC51D21EF47}"
EndProject
Global
	GlobalSection(SolutionConfigurationPlatforms) = preSolution
		Debug|Any CPU = Debug|Any CPU
		Release|Any CPU = Release|Any CPU
	EndGlobalSection
	GlobalSection(ProjectConfigurationPlatforms) = postSolution
		{4E21AA5D-633A-430D-8549-6CA12DF59985}.Debug|Any CPU.ActiveCfg = Debug|Any CPU
		{4E21AA5D-633A-430D-8549-6CA12DF59985}.Debug|Any CPU.Build.0 = Debug|Any CPU
		{4E21AA5D-633A-430D-8549-6CA12DF59985}.Release|Any CPU.ActiveCfg = Release|Any CPU
		{4E21AA5D-633A-430D-8549-6CA12DF59985}.Release|Any CPU.Build.0 = Release|Any CPU
		{1FE37BEC-3957-4DFD-9894-5AA11F82835D}.Debug|Any CPU.ActiveCfg = Debug|Any CPU
		{1FE37BEC-3957-4DFD-9894-5AA11F82835D}.Debug|Any CPU.Build.0 = Debug|Any CPU
		{1FE37BEC-3957-4DFD-9894-5AA11F82835D}.Release|Any CPU.ActiveCfg = Release|Any CPU
		{1FE37BEC-3957-4DFD-9894-5AA11F82835D}.Release|Any CPU.Build.0 = Release|Any CPU
		{87446668-60FB-4BAE-964F-DFFAD9B3F0F5}.Debug|Any CPU.ActiveCfg = Debug|Any CPU
		{87446668-60FB-4BAE-964F-DFFAD9B3F0F5}.Debug|Any CPU.Build.0 = Debug|Any CPU
		{87446668-60FB-4BAE-964F-DFFAD9B3F0F5}.Release|Any CPU.ActiveCfg = Release|Any CPU
		{87446668-60FB-4BAE-964F-DFFAD9B3F0F5}.Release|Any CPU.Build.0 = Release|Any CPU
		{FAD2D524-20B2-4779-AD84-29C864F4187C}.Debug|Any CPU.ActiveCfg = Debug|Any CPU
		{FAD2D524-20B2-4779-AD84-29C864F4187C}.Debug|Any CPU.Build.0 = Debug|Any CPU
		{FAD2D524-20B2-4779-AD84-29C864F4187C}.Release|Any CPU.ActiveCfg = Release|Any CPU
		{FAD2D524-20B2-4779-AD84-29C864F4187C}.Release|Any CPU.Build.0 = Release|Any CPU
		{45F23EAD-17FC-45A1-97AC-61C54D89AFF4}.Debug|Any CPU.ActiveCfg = Debug|Any CPU
		{45F23EAD-17FC-45A1-97AC-61C54D89AFF4}.Debug|Any CPU.Build.0 = Debug|Any CPU
		{45F23EAD-17FC-45A1-97AC-61C54D89AFF4}.Release|Any CPU.ActiveCfg = Release|Any CPU
		{45F23EAD-17FC-45A1-97AC-61C54D89AFF4}.Release|Any CPU.Build.0 = Release|Any CPU
		{645A5D32-32C7-4E7A-9999-C97889AFA612}.Debug|Any CPU.ActiveCfg = Debug|Any CPU
		{645A5D32-32C7-4E7A-9999-C97889AFA612}.Debug|Any CPU.Build.0 = Debug|Any CPU
		{645A5D32-32C7-4E7A-9999-C97889AFA612}.Release|Any CPU.ActiveCfg = Release|Any CPU
		{645A5D32-32C7-4E7A-9999-C97889AFA612}.Release|Any CPU.Build.0 = Release|Any CPU
		{C93D1DFD-6897-4EAC-898E-7B3F5FB53070}.Debug|Any CPU.ActiveCfg = Debug|Any CPU
		{C93D1DFD-6897-4EAC-898E-7B3F5FB53070}.Debug|Any CPU.Build.0 = Debug|Any CPU
		{C93D1DFD-6897-4EAC-898E-7B3F5FB53070}.Release|Any CPU.ActiveCfg = Release|Any CPU
		{C93D1DFD-6897-4EAC-898E-7B3F5FB53070}.Release|Any CPU.Build.0 = Release|Any CPU
		{EDAC0B9B-779B-4BFB-BD7A-310FA723D67F}.Debug|Any CPU.ActiveCfg = Debug|Any CPU
		{EDAC0B9B-779B-4BFB-BD7A-310FA723D67F}.Debug|Any CPU.Build.0 = Debug|Any CPU
		{EDAC0B9B-779B-4BFB-BD7A-310FA723D67F}.Release|Any CPU.ActiveCfg = Release|Any CPU
		{EDAC0B9B-779B-4BFB-BD7A-310FA723D67F}.Release|Any CPU.Build.0 = Release|Any CPU
		{DB0CE66F-8FE1-4A65-9208-8E9ADADC5498}.Debug|Any CPU.ActiveCfg = Debug|Any CPU
		{DB0CE66F-8FE1-4A65-9208-8E9ADADC5498}.Debug|Any CPU.Build.0 = Debug|Any CPU
		{DB0CE66F-8FE1-4A65-9208-8E9ADADC5498}.Release|Any CPU.ActiveCfg = Release|Any CPU
		{DB0CE66F-8FE1-4A65-9208-8E9ADADC5498}.Release|Any CPU.Build.0 = Release|Any CPU
		{42E91E73-F4BC-4AF0-887D-31107D982AB3}.Debug|Any CPU.ActiveCfg = Debug|Any CPU
		{42E91E73-F4BC-4AF0-887D-31107D982AB3}.Debug|Any CPU.Build.0 = Debug|Any CPU
		{42E91E73-F4BC-4AF0-887D-31107D982AB3}.Release|Any CPU.ActiveCfg = Release|Any CPU
		{42E91E73-F4BC-4AF0-887D-31107D982AB3}.Release|Any CPU.Build.0 = Release|Any CPU
		{247E357D-5DE8-46CF-95C9-00A9009C7FAB}.Debug|Any CPU.ActiveCfg = Debug|Any CPU
		{247E357D-5DE8-46CF-95C9-00A9009C7FAB}.Debug|Any CPU.Build.0 = Debug|Any CPU
		{247E357D-5DE8-46CF-95C9-00A9009C7FAB}.Release|Any CPU.ActiveCfg = Release|Any CPU
		{247E357D-5DE8-46CF-95C9-00A9009C7FAB}.Release|Any CPU.Build.0 = Release|Any CPU
		{FA427D34-A283-475D-9CEB-9AC51D21EF47}.Debug|Any CPU.ActiveCfg = Debug|Any CPU
		{FA427D34-A283-475D-9CEB-9AC51D21EF47}.Debug|Any CPU.Build.0 = Debug|Any CPU
		{FA427D34-A283-475D-9CEB-9AC51D21EF47}.Release|Any CPU.ActiveCfg = Release|Any CPU
		{FA427D34-A283-475D-9CEB-9AC51D21EF47}.Release|Any CPU.Build.0 = Release|Any CPU
	EndGlobalSection
	GlobalSection(SolutionProperties) = preSolution
		HideSolutionNode = FALSE
	EndGlobalSection
	GlobalSection(NestedProjects) = preSolution
		{EDAC0B9B-779B-4BFB-BD7A-310FA723D67F} = {24FD77C5-26F9-4007-B0AC-1B65D089C653}
		{DB0CE66F-8FE1-4A65-9208-8E9ADADC5498} = {24FD77C5-26F9-4007-B0AC-1B65D089C653}
		{42E91E73-F4BC-4AF0-887D-31107D982AB3} = {24FD77C5-26F9-4007-B0AC-1B65D089C653}
		{247E357D-5DE8-46CF-95C9-00A9009C7FAB} = {24FD77C5-26F9-4007-B0AC-1B65D089C653}
		{FA427D34-A283-475D-9CEB-9AC51D21EF47} = {24FD77C5-26F9-4007-B0AC-1B65D089C653}
	EndGlobalSection
EndGlobal
